
Microsoft Visual Studio Solution File, Format Version 12.00
# Visual Studio Version 17
VisualStudioVersion = 17.10.35122.118
MinimumVisualStudioVersion = 10.0.40219.1
Project("{FAE04EC0-301F-11D3-BF4B-00C04F79EFBC}") = "Entities", "Entities\Entities.csproj", "{395EC4C0-B9DD-4555-A8DF-DC7A398D4172}"
EndProject
Global
	GlobalSection(SolutionConfigurationPlatforms) = preSolution
		Debug|Any CPU = Debug|Any CPU
		Release|Any CPU = Release|Any CPU
	EndGlobalSection
	GlobalSection(ProjectConfigurationPlatforms) = postSolution
		{395EC4C0-B9DD-4555-A8DF-DC7A398D4172}.Debug|Any CPU.ActiveCfg = Debug|Any CPU
		{395EC4C0-B9DD-4555-A8DF-DC7A398D4172}.Debug|Any CPU.Build.0 = Debug|Any CPU
		{395EC4C0-B9DD-4555-A8DF-DC7A398D4172}.Release|Any CPU.ActiveCfg = Release|Any CPU
		{395EC4C0-B9DD-4555-A8DF-DC7A398D4172}.Release|Any CPU.Build.0 = Release|Any CPU
	EndGlobalSection
	GlobalSection(SolutionProperties) = preSolution
		HideSolutionNode = FALSE
	EndGlobalSection
	GlobalSection(ExtensibilityGlobals) = postSolution
		SolutionGuid = {6BE7B470-A5F0-44FE-A4EB-1100D28BAFB4}
	EndGlobalSection
EndGlobal
